
Microsoft Visual Studio Solution File, Format Version 12.00
# Visual Studio Version 16
VisualStudioVersion = 16.0.29609.76
MinimumVisualStudioVersion = 10.0.40219.1
Project("{8BC9CEB8-8B4A-11D0-8D11-00A0C91BC942}") = "FP-GROWTH", "FP-GROWTH\FP-GROWTH.vcxproj", "{3A23909F-90EC-4883-B166-E15E1E034E44}"
EndProject
Global
	GlobalSection(SolutionConfigurationPlatforms) = preSolution
		Debug|x64 = Debug|x64
		Debug|x86 = Debug|x86
		Release|x64 = Release|x64
		Release|x86 = Release|x86
	EndGlobalSection
	GlobalSection(ProjectConfigurationPlatforms) = postSolution
		{3A23909F-90EC-4883-B166-E15E1E034E44}.Debug|x64.ActiveCfg = Debug|x64
		{3A23909F-90EC-4883-B166-E15E1E034E44}.Debug|x64.Build.0 = Debug|x64
		{3A23909F-90EC-4883-B166-E15E1E034E44}.Debug|x86.ActiveCfg = Debug|Win32
		{3A23909F-90EC-4883-B166-E15E1E034E44}.Debug|x86.Build.0 = Debug|Win32
		{3A23909F-90EC-4883-B166-E15E1E034E44}.Release|x64.ActiveCfg = Release|x64
		{3A23909F-90EC-4883-B166-E15E1E034E44}.Release|x64.Build.0 = Release|x64
		{3A23909F-90EC-4883-B166-E15E1E034E44}.Release|x86.ActiveCfg = Release|Win32
		{3A23909F-90EC-4883-B166-E15E1E034E44}.Release|x86.Build.0 = Release|Win32
	EndGlobalSection
	GlobalSection(SolutionProperties) = preSolution
		HideSolutionNode = FALSE
	EndGlobalSection
	GlobalSection(ExtensibilityGlobals) = postSolution
		SolutionGuid = {89E6335D-E891-469D-8227-59C4C52010D4}
	EndGlobalSection
EndGlobal
